{
  "pins" : [
    {
      "identity" : "ver-id-common-types-apple",
      "kind" : "remoteSourceControl",
      "location" : "https://github.com/AppliedRecognition/Ver-ID-Common-Types-Apple.git",
      "state" : {
        "revision" : "3587575fd09adc2acb1db8bca7d80e1c4479eb55",
        "version" : "2.2.0"
      }
    }
  ],
  "version" : 2
}
